
Microsoft Visual Studio Solution File, Format Version 12.00
# Visual Studio Version 17
VisualStudioVersion = 17.13.35806.99 d17.13
MinimumVisualStudioVersion = 10.0.40219.1
Project("{FAE04EC0-301F-11D3-BF4B-00C04F79EFBC}") = "DesignPattern", "DesignPattern.csproj", "{33A429CE-69D0-4C1F-B703-C0CAF546CB89}"
EndProject
Global
	GlobalSection(SolutionConfigurationPlatforms) = preSolution
		Debug|Any CPU = Debug|Any CPU
		Release|Any CPU = Release|Any CPU
	EndGlobalSection
	GlobalSection(ProjectConfigurationPlatforms) = postSolution
		{33A429CE-69D0-4C1F-B703-C0CAF546CB89}.Debug|Any CPU.ActiveCfg = Debug|Any CPU
		{33A429CE-69D0-4C1F-B703-C0CAF546CB89}.Debug|Any CPU.Build.0 = Debug|Any CPU
		{33A429CE-69D0-4C1F-B703-C0CAF546CB89}.Release|Any CPU.ActiveCfg = Release|Any CPU
		{33A429CE-69D0-4C1F-B703-C0CAF546CB89}.Release|Any CPU.Build.0 = Release|Any CPU
	EndGlobalSection
	GlobalSection(SolutionProperties) = preSolution
		HideSolutionNode = FALSE
	EndGlobalSection
	GlobalSection(ExtensibilityGlobals) = postSolution
		SolutionGuid = {25566C90-E116-48E1-8730-647EE39464BD}
	EndGlobalSection
EndGlobal
